
Microsoft Visual Studio Solution File, Format Version 12.00
# Visual Studio Version 16
VisualStudioVersion = 16.0.29509.3
MinimumVisualStudioVersion = 10.0.40219.1
Project("{9A19103F-16F7-4668-BE54-9A1E7A4F7556}") = "UniBotJG", "UniBotJG.csproj", "{CC551020-A3FB-4DFD-830B-817972573BB6}"
EndProject
Global
	GlobalSection(SolutionConfigurationPlatforms) = preSolution
		Debug|Any CPU = Debug|Any CPU
		Release|Any CPU = Release|Any CPU
	EndGlobalSection
	GlobalSection(ProjectConfigurationPlatforms) = postSolution
		{CC551020-A3FB-4DFD-830B-817972573BB6}.Debug|Any CPU.ActiveCfg = Debug|Any CPU
		{CC551020-A3FB-4DFD-830B-817972573BB6}.Debug|Any CPU.Build.0 = Debug|Any CPU
		{CC551020-A3FB-4DFD-830B-817972573BB6}.Release|Any CPU.ActiveCfg = Release|Any CPU
		{CC551020-A3FB-4DFD-830B-817972573BB6}.Release|Any CPU.Build.0 = Release|Any CPU
	EndGlobalSection
	GlobalSection(SolutionProperties) = preSolution
		HideSolutionNode = FALSE
	EndGlobalSection
	GlobalSection(ExtensibilityGlobals) = postSolution
		SolutionGuid = {4256CD61-B3F3-4144-8CDF-B405D78A68D6}
	EndGlobalSection
EndGlobal
